
Microsoft Visual Studio Solution File, Format Version 12.00
# Visual Studio Version 16
VisualStudioVersion = 16.0.31624.102
MinimumVisualStudioVersion = 10.0.40219.1
Project("{9A19103F-16F7-4668-BE54-9A1E7A4F7556}") = "PROGRESSTRACKER.API", "PROGRESSTRACKER.API\PROGRESSTRACKER.API.csproj", "{B83D5A72-C2EE-4C17-A4BE-B2227CB093AD}"
EndProject
Project("{9A19103F-16F7-4668-BE54-9A1E7A4F7556}") = "PROGRESSTRACKER.CONFIGURATION", "PROGRESSTRACKER.CONFIGURATION\PROGRESSTRACKER.CONFIGURATION.csproj", "{A3EE23A4-9B80-458A-A6FF-6EED2D78B12D}"
EndProject
Project("{9A19103F-16F7-4668-BE54-9A1E7A4F7556}") = "PROGRESSTRACKER.DAL", "PROGRESSTRACKER.DAL\PROGRESSTRACKER.DAL.csproj", "{A5D89C3A-AD15-4FCC-8F65-935DAEAEE771}"
EndProject
Project("{9A19103F-16F7-4668-BE54-9A1E7A4F7556}") = "PROGRESSTRACKER.ENTITIES", "PROGRESSTRACKER.ENTITIES\PROGRESSTRACKER.ENTITIES.csproj", "{61B80919-2647-40E4-A3B7-B36449D8C252}"
EndProject
Project("{9A19103F-16F7-4668-BE54-9A1E7A4F7556}") = "PROGRESSTRACKER.DATACONTEXT", "PROGRESSTRACKER.DATACONTEXT\PROGRESSTRACKER.DATACONTEXT.csproj", "{040B2E69-A5CA-456A-8210-E2989D1F6FAC}"
EndProject
Project("{9A19103F-16F7-4668-BE54-9A1E7A4F7556}") = "PROGRESSTRACKER.SERVICES", "PROGRESSTRACKER.SERVICES\PROGRESSTRACKER.SERVICES.csproj", "{4BE1F5AE-A582-4F23-BFEA-B910D5E2B4AC}"
EndProject
Project("{9A19103F-16F7-4668-BE54-9A1E7A4F7556}") = "PROGRESSTRACKER.HELPERS", "PROGRESSTRACKER.HELPERS\PROGRESSTRACKER.HELPERS.csproj", "{59845529-39E8-4CEF-9B4D-E924126945C9}"
EndProject
Global
	GlobalSection(SolutionConfigurationPlatforms) = preSolution
		Debug|Any CPU = Debug|Any CPU
		Release|Any CPU = Release|Any CPU
	EndGlobalSection
	GlobalSection(ProjectConfigurationPlatforms) = postSolution
		{B83D5A72-C2EE-4C17-A4BE-B2227CB093AD}.Debug|Any CPU.ActiveCfg = Debug|Any CPU
		{B83D5A72-C2EE-4C17-A4BE-B2227CB093AD}.Debug|Any CPU.Build.0 = Debug|Any CPU
		{B83D5A72-C2EE-4C17-A4BE-B2227CB093AD}.Release|Any CPU.ActiveCfg = Release|Any CPU
		{B83D5A72-C2EE-4C17-A4BE-B2227CB093AD}.Release|Any CPU.Build.0 = Release|Any CPU
		{A3EE23A4-9B80-458A-A6FF-6EED2D78B12D}.Debug|Any CPU.ActiveCfg = Debug|Any CPU
		{A3EE23A4-9B80-458A-A6FF-6EED2D78B12D}.Debug|Any CPU.Build.0 = Debug|Any CPU
		{A3EE23A4-9B80-458A-A6FF-6EED2D78B12D}.Release|Any CPU.ActiveCfg = Release|Any CPU
		{A3EE23A4-9B80-458A-A6FF-6EED2D78B12D}.Release|Any CPU.Build.0 = Release|Any CPU
		{A5D89C3A-AD15-4FCC-8F65-935DAEAEE771}.Debug|Any CPU.ActiveCfg = Debug|Any CPU
		{A5D89C3A-AD15-4FCC-8F65-935DAEAEE771}.Debug|Any CPU.Build.0 = Debug|Any CPU
		{A5D89C3A-AD15-4FCC-8F65-935DAEAEE771}.Release|Any CPU.ActiveCfg = Release|Any CPU
		{A5D89C3A-AD15-4FCC-8F65-935DAEAEE771}.Release|Any CPU.Build.0 = Release|Any CPU
		{61B80919-2647-40E4-A3B7-B36449D8C252}.Debug|Any CPU.ActiveCfg = Debug|Any CPU
		{61B80919-2647-40E4-A3B7-B36449D8C252}.Debug|Any CPU.Build.0 = Debug|Any CPU
		{61B80919-2647-40E4-A3B7-B36449D8C252}.Release|Any CPU.ActiveCfg = Release|Any CPU
		{61B80919-2647-40E4-A3B7-B36449D8C252}.Release|Any CPU.Build.0 = Release|Any CPU
		{040B2E69-A5CA-456A-8210-E2989D1F6FAC}.Debug|Any CPU.ActiveCfg = Debug|Any CPU
		{040B2E69-A5CA-456A-8210-E2989D1F6FAC}.Debug|Any CPU.Build.0 = Debug|Any CPU
		{040B2E69-A5CA-456A-8210-E2989D1F6FAC}.Release|Any CPU.ActiveCfg = Release|Any CPU
		{040B2E69-A5CA-456A-8210-E2989D1F6FAC}.Release|Any CPU.Build.0 = Release|Any CPU
		{4BE1F5AE-A582-4F23-BFEA-B910D5E2B4AC}.Debug|Any CPU.ActiveCfg = Debug|Any CPU
		{4BE1F5AE-A582-4F23-BFEA-B910D5E2B4AC}.Debug|Any CPU.Build.0 = Debug|Any CPU
		{4BE1F5AE-A582-4F23-BFEA-B910D5E2B4AC}.Release|Any CPU.ActiveCfg = Release|Any CPU
		{4BE1F5AE-A582-4F23-BFEA-B910D5E2B4AC}.Release|Any CPU.Build.0 = Release|Any CPU
		{59845529-39E8-4CEF-9B4D-E924126945C9}.Debug|Any CPU.ActiveCfg = Debug|Any CPU
		{59845529-39E8-4CEF-9B4D-E924126945C9}.Debug|Any CPU.Build.0 = Debug|Any CPU
		{59845529-39E8-4CEF-9B4D-E924126945C9}.Release|Any CPU.ActiveCfg = Release|Any CPU
		{59845529-39E8-4CEF-9B4D-E924126945C9}.Release|Any CPU.Build.0 = Release|Any CPU
	EndGlobalSection
	GlobalSection(SolutionProperties) = preSolution
		HideSolutionNode = FALSE
	EndGlobalSection
	GlobalSection(ExtensibilityGlobals) = postSolution
		SolutionGuid = {CAFA096A-7B5A-472E-8332-8EC5F8C52D48}
	EndGlobalSection
EndGlobal
